
Microsoft Visual Studio Solution File, Format Version 12.00
# Visual Studio Version 17
VisualStudioVersion = 17.10.34902.84
MinimumVisualStudioVersion = 10.0.40219.1
Project("{FAE04EC0-301F-11D3-BF4B-00C04F79EFBC}") = "UsefulTime.Build.Project", "UsefulTime.Build.Project\UsefulTime.Build.Project.csproj", "{8AEE94B6-7922-441A-BA9E-B7F84FB0D235}"
EndProject
Project("{FAE04EC0-301F-11D3-BF4B-00C04F79EFBC}") = "UsefulTime.Api", "UsefulTime.Api\UsefulTime.Api.csproj", "{D7F4508D-85FA-4537-ACA3-170FAEDC9C3F}"
EndProject
Project("{FAE04EC0-301F-11D3-BF4B-00C04F79EFBC}") = "UsefulTime.Unit.Tests", "UsefulTime.Unit.Tests\UsefulTime.Unit.Tests.csproj", "{774BEDFD-03B6-4929-94F0-CB75435A48E5}"
EndProject
Global
	GlobalSection(SolutionConfigurationPlatforms) = preSolution
		Debug|Any CPU = Debug|Any CPU
		Release|Any CPU = Release|Any CPU
	EndGlobalSection
	GlobalSection(ProjectConfigurationPlatforms) = postSolution
		{8AEE94B6-7922-441A-BA9E-B7F84FB0D235}.Debug|Any CPU.ActiveCfg = Debug|Any CPU
		{8AEE94B6-7922-441A-BA9E-B7F84FB0D235}.Debug|Any CPU.Build.0 = Debug|Any CPU
		{8AEE94B6-7922-441A-BA9E-B7F84FB0D235}.Release|Any CPU.ActiveCfg = Release|Any CPU
		{8AEE94B6-7922-441A-BA9E-B7F84FB0D235}.Release|Any CPU.Build.0 = Release|Any CPU
		{D7F4508D-85FA-4537-ACA3-170FAEDC9C3F}.Debug|Any CPU.ActiveCfg = Debug|Any CPU
		{D7F4508D-85FA-4537-ACA3-170FAEDC9C3F}.Debug|Any CPU.Build.0 = Debug|Any CPU
		{D7F4508D-85FA-4537-ACA3-170FAEDC9C3F}.Release|Any CPU.ActiveCfg = Release|Any CPU
		{D7F4508D-85FA-4537-ACA3-170FAEDC9C3F}.Release|Any CPU.Build.0 = Release|Any CPU
		{774BEDFD-03B6-4929-94F0-CB75435A48E5}.Debug|Any CPU.ActiveCfg = Debug|Any CPU
		{774BEDFD-03B6-4929-94F0-CB75435A48E5}.Debug|Any CPU.Build.0 = Debug|Any CPU
		{774BEDFD-03B6-4929-94F0-CB75435A48E5}.Release|Any CPU.ActiveCfg = Release|Any CPU
		{774BEDFD-03B6-4929-94F0-CB75435A48E5}.Release|Any CPU.Build.0 = Release|Any CPU
	EndGlobalSection
	GlobalSection(SolutionProperties) = preSolution
		HideSolutionNode = FALSE
	EndGlobalSection
	GlobalSection(ExtensibilityGlobals) = postSolution
		SolutionGuid = {9FE72585-A909-410F-B6C4-D46516942E97}
	EndGlobalSection
EndGlobal
